{
  "name": "task-manager",
  "version": "0.1.0",
  "lockfileVersion": 1,
  "requires": true,
  "dependencies": {
    "luxon": {
      "version": "1.27.0",
      "resolved": "https://registry.npmjs.org/luxon/-/luxon-1.27.0.tgz",
      "integrity": "sha512-VKsFsPggTA0DvnxtJdiExAucKdAnwbCCNlMM5ENvHlxubqWd0xhZcdb4XgZ7QFNhaRhilXCFxHuoObP5BNA4PA=="
    },
    "vue-datetime": {
      "version": "1.0.0-beta.14",
      "resolved": "https://registry.npmjs.org/vue-datetime/-/vue-datetime-1.0.0-beta.14.tgz",
      "integrity": "sha512-n25LqldE1xryeoweohiqlxy8iUsi+UwZnKLaN4gXjk7xxGL6rUl1y/GGvkoMwJUzRKttw+QnQV4oFAYupUQdug=="
    },
    "weekstart": {
      "version": "1.1.0",
      "resolved": "https://registry.npmjs.org/weekstart/-/weekstart-1.1.0.tgz",
      "integrity": "sha512-ZO3I7c7J9nwGN1PZKZeBYAsuwWEsCOZi5T68cQoVNYrzrpp5Br0Bgi0OF4l8kH/Ez7nKfxa5mSsXjsgris3+qg=="
    }
  }
}
